
Microsoft Visual Studio Solution File, Format Version 12.00
# Visual Studio Version 16
VisualStudioVersion = 16.0.31205.134
MinimumVisualStudioVersion = 10.0.40219.1
Project("{2150E333-8FDC-42A3-9474-1A3956D46DE8}") = "Domain", "Domain", "{90E49D94-F232-4727-98A3-4E93CE9794A0}"
EndProject
Project("{2150E333-8FDC-42A3-9474-1A3956D46DE8}") = "Infra.Bus", "Infra.Bus", "{FD163BB7-77BC-441E-B7F3-C43BA0D54698}"
EndProject
Project("{2150E333-8FDC-42A3-9474-1A3956D46DE8}") = "Infra.IoC", "Infra.IoC", "{DB854510-3B3C-4C7A-BC39-F4E8FBB3ECA4}"
EndProject
Project("{2150E333-8FDC-42A3-9474-1A3956D46DE8}") = "Microservices", "Microservices", "{41C86752-3995-4FC4-974A-6B9BF1F9892F}"
EndProject
Project("{2150E333-8FDC-42A3-9474-1A3956D46DE8}") = "Presentation", "Presentation", "{0AE0EBC0-D661-43C9-84AF-8F337B76AFCA}"
EndProject
Project("{FAE04EC0-301F-11D3-BF4B-00C04F79EFBC}") = "AXIOMMicroRMQ.Domain.Core", "AXIOMMicroRMQ.Domain.Core\AXIOMMicroRMQ.Domain.Core.csproj", "{3F4CEEC3-85ED-430C-830E-E54D6FD37451}"
EndProject
Project("{FAE04EC0-301F-11D3-BF4B-00C04F79EFBC}") = "AXIOMMicroRMQ.Infra.Bus", "AXIOMMicroRMQ.Infra.Bus\AXIOMMicroRMQ.Infra.Bus.csproj", "{DB9AABA7-0DE5-4952-8A7D-4AE21D978E59}"
EndProject
Project("{FAE04EC0-301F-11D3-BF4B-00C04F79EFBC}") = "AXIOMRMQ.Infra.IoC", "AXIOMRMQ.Infra.IoC\AXIOMRMQ.Infra.IoC.csproj", "{AA249F96-8F9D-4BD1-891D-35421BE52214}"
EndProject
Project("{2150E333-8FDC-42A3-9474-1A3956D46DE8}") = "Banking", "Banking", "{EE7C6A55-EEB6-4D76-AA79-9CABD1FC2BE7}"
EndProject
Project("{2150E333-8FDC-42A3-9474-1A3956D46DE8}") = "Api", "Api", "{65B207D3-9A10-4C7A-BB3B-75F270AE3753}"
EndProject
Project("{2150E333-8FDC-42A3-9474-1A3956D46DE8}") = "Domain", "Domain", "{ED3C8FDA-E7CC-48F1-ABE8-2ABE4BD7A2C4}"
EndProject
Project("{2150E333-8FDC-42A3-9474-1A3956D46DE8}") = "Data", "Data", "{7A896155-D91C-424A-A66A-DFC22BAE768C}"
EndProject
Project("{2150E333-8FDC-42A3-9474-1A3956D46DE8}") = "Application", "Application", "{82AB3F3D-474D-47B4-9A9B-7CEB99DB2FFB}"
EndProject
Project("{FAE04EC0-301F-11D3-BF4B-00C04F79EFBC}") = "AXIOMRMQ.Banking.Api", "AXIOMRMQ.Banking.Api\AXIOMRMQ.Banking.Api.csproj", "{A84753CE-A03B-4696-8526-1BB39BD43A3D}"
EndProject
Project("{FAE04EC0-301F-11D3-BF4B-00C04F79EFBC}") = "AXIOMRMQ.Banking.Application", "AXIOMRMQ.Banking.Application\AXIOMRMQ.Banking.Application.csproj", "{4961AF72-BA7F-4095-A5CB-B93F2970C23C}"
EndProject
Project("{FAE04EC0-301F-11D3-BF4B-00C04F79EFBC}") = "AXIOMRMQ.Banking.Data", "AXIOMRMQ.Banking.Data\AXIOMRMQ.Banking.Data.csproj", "{43022A10-D46F-4B0A-97AB-574321B67C09}"
EndProject
Project("{FAE04EC0-301F-11D3-BF4B-00C04F79EFBC}") = "AXIOMRMQ.Banking.Domain", "AXIOMRMQ.Banking.Domain\AXIOMRMQ.Banking.Domain.csproj", "{D3648F31-6F33-447E-B8FA-B58C4F9165EC}"
EndProject
Global
	GlobalSection(SolutionConfigurationPlatforms) = preSolution
		Debug|Any CPU = Debug|Any CPU
		Release|Any CPU = Release|Any CPU
	EndGlobalSection
	GlobalSection(ProjectConfigurationPlatforms) = postSolution
		{3F4CEEC3-85ED-430C-830E-E54D6FD37451}.Debug|Any CPU.ActiveCfg = Debug|Any CPU
		{3F4CEEC3-85ED-430C-830E-E54D6FD37451}.Debug|Any CPU.Build.0 = Debug|Any CPU
		{3F4CEEC3-85ED-430C-830E-E54D6FD37451}.Release|Any CPU.ActiveCfg = Release|Any CPU
		{3F4CEEC3-85ED-430C-830E-E54D6FD37451}.Release|Any CPU.Build.0 = Release|Any CPU
		{DB9AABA7-0DE5-4952-8A7D-4AE21D978E59}.Debug|Any CPU.ActiveCfg = Debug|Any CPU
		{DB9AABA7-0DE5-4952-8A7D-4AE21D978E59}.Debug|Any CPU.Build.0 = Debug|Any CPU
		{DB9AABA7-0DE5-4952-8A7D-4AE21D978E59}.Release|Any CPU.ActiveCfg = Release|Any CPU
		{DB9AABA7-0DE5-4952-8A7D-4AE21D978E59}.Release|Any CPU.Build.0 = Release|Any CPU
		{AA249F96-8F9D-4BD1-891D-35421BE52214}.Debug|Any CPU.ActiveCfg = Debug|Any CPU
		{AA249F96-8F9D-4BD1-891D-35421BE52214}.Debug|Any CPU.Build.0 = Debug|Any CPU
		{AA249F96-8F9D-4BD1-891D-35421BE52214}.Release|Any CPU.ActiveCfg = Release|Any CPU
		{AA249F96-8F9D-4BD1-891D-35421BE52214}.Release|Any CPU.Build.0 = Release|Any CPU
		{A84753CE-A03B-4696-8526-1BB39BD43A3D}.Debug|Any CPU.ActiveCfg = Debug|Any CPU
		{A84753CE-A03B-4696-8526-1BB39BD43A3D}.Debug|Any CPU.Build.0 = Debug|Any CPU
		{A84753CE-A03B-4696-8526-1BB39BD43A3D}.Release|Any CPU.ActiveCfg = Release|Any CPU
		{A84753CE-A03B-4696-8526-1BB39BD43A3D}.Release|Any CPU.Build.0 = Release|Any CPU
		{4961AF72-BA7F-4095-A5CB-B93F2970C23C}.Debug|Any CPU.ActiveCfg = Debug|Any CPU
		{4961AF72-BA7F-4095-A5CB-B93F2970C23C}.Debug|Any CPU.Build.0 = Debug|Any CPU
		{4961AF72-BA7F-4095-A5CB-B93F2970C23C}.Release|Any CPU.ActiveCfg = Release|Any CPU
		{4961AF72-BA7F-4095-A5CB-B93F2970C23C}.Release|Any CPU.Build.0 = Release|Any CPU
		{43022A10-D46F-4B0A-97AB-574321B67C09}.Debug|Any CPU.ActiveCfg = Debug|Any CPU
		{43022A10-D46F-4B0A-97AB-574321B67C09}.Debug|Any CPU.Build.0 = Debug|Any CPU
		{43022A10-D46F-4B0A-97AB-574321B67C09}.Release|Any CPU.ActiveCfg = Release|Any CPU
		{43022A10-D46F-4B0A-97AB-574321B67C09}.Release|Any CPU.Build.0 = Release|Any CPU
		{D3648F31-6F33-447E-B8FA-B58C4F9165EC}.Debug|Any CPU.ActiveCfg = Debug|Any CPU
		{D3648F31-6F33-447E-B8FA-B58C4F9165EC}.Debug|Any CPU.Build.0 = Debug|Any CPU
		{D3648F31-6F33-447E-B8FA-B58C4F9165EC}.Release|Any CPU.ActiveCfg = Release|Any CPU
		{D3648F31-6F33-447E-B8FA-B58C4F9165EC}.Release|Any CPU.Build.0 = Release|Any CPU
	EndGlobalSection
	GlobalSection(SolutionProperties) = preSolution
		HideSolutionNode = FALSE
	EndGlobalSection
	GlobalSection(NestedProjects) = preSolution
		{3F4CEEC3-85ED-430C-830E-E54D6FD37451} = {90E49D94-F232-4727-98A3-4E93CE9794A0}
		{DB9AABA7-0DE5-4952-8A7D-4AE21D978E59} = {FD163BB7-77BC-441E-B7F3-C43BA0D54698}
		{AA249F96-8F9D-4BD1-891D-35421BE52214} = {DB854510-3B3C-4C7A-BC39-F4E8FBB3ECA4}
		{EE7C6A55-EEB6-4D76-AA79-9CABD1FC2BE7} = {41C86752-3995-4FC4-974A-6B9BF1F9892F}
		{65B207D3-9A10-4C7A-BB3B-75F270AE3753} = {EE7C6A55-EEB6-4D76-AA79-9CABD1FC2BE7}
		{ED3C8FDA-E7CC-48F1-ABE8-2ABE4BD7A2C4} = {EE7C6A55-EEB6-4D76-AA79-9CABD1FC2BE7}
		{7A896155-D91C-424A-A66A-DFC22BAE768C} = {EE7C6A55-EEB6-4D76-AA79-9CABD1FC2BE7}
		{82AB3F3D-474D-47B4-9A9B-7CEB99DB2FFB} = {EE7C6A55-EEB6-4D76-AA79-9CABD1FC2BE7}
		{A84753CE-A03B-4696-8526-1BB39BD43A3D} = {65B207D3-9A10-4C7A-BB3B-75F270AE3753}
		{4961AF72-BA7F-4095-A5CB-B93F2970C23C} = {82AB3F3D-474D-47B4-9A9B-7CEB99DB2FFB}
		{43022A10-D46F-4B0A-97AB-574321B67C09} = {7A896155-D91C-424A-A66A-DFC22BAE768C}
		{D3648F31-6F33-447E-B8FA-B58C4F9165EC} = {ED3C8FDA-E7CC-48F1-ABE8-2ABE4BD7A2C4}
	EndGlobalSection
	GlobalSection(ExtensibilityGlobals) = postSolution
		SolutionGuid = {068C201D-C639-4481-B7A7-5869579F9344}
	EndGlobalSection
EndGlobal
